
Microsoft Visual Studio Solution File, Format Version 12.00
# Visual Studio Version 17
VisualStudioVersion = 17.12.35521.163 d17.12
MinimumVisualStudioVersion = 10.0.40219.1
Project("{FAE04EC0-301F-11D3-BF4B-00C04F79EFBC}") = "EldanToolkit", "EldanToolkit.csproj", "{6C737598-D285-4DEE-932A-749BAD882A1E}"
EndProject
Project("{2150E333-8FDC-42A3-9474-1A3956D46DE8}") = "Solution Items", "Solution Items", "{2413562D-A4E6-4E61-9475-D31F0BB16A4A}"
EndProject
Global
	GlobalSection(SolutionConfigurationPlatforms) = preSolution
		Debug|Any CPU = Debug|Any CPU
		ExportDebug|Any CPU = ExportDebug|Any CPU
		ExportRelease|Any CPU = ExportRelease|Any CPU
	EndGlobalSection
	GlobalSection(ProjectConfigurationPlatforms) = postSolution
		{6C737598-D285-4DEE-932A-749BAD882A1E}.Debug|Any CPU.ActiveCfg = Debug|Any CPU
		{6C737598-D285-4DEE-932A-749BAD882A1E}.Debug|Any CPU.Build.0 = Debug|Any CPU
		{6C737598-D285-4DEE-932A-749BAD882A1E}.ExportDebug|Any CPU.ActiveCfg = ExportDebug|Any CPU
		{6C737598-D285-4DEE-932A-749BAD882A1E}.ExportDebug|Any CPU.Build.0 = ExportDebug|Any CPU
		{6C737598-D285-4DEE-932A-749BAD882A1E}.ExportRelease|Any CPU.ActiveCfg = ExportRelease|Any CPU
		{6C737598-D285-4DEE-932A-749BAD882A1E}.ExportRelease|Any CPU.Build.0 = ExportRelease|Any CPU
	EndGlobalSection
	GlobalSection(SolutionProperties) = preSolution
		HideSolutionNode = FALSE
	EndGlobalSection
EndGlobal
